{
  "version": "3",
  "packages": {
    "specifiers": {
      "npm:blend-promise-utils": "npm:blend-promise-utils@1.29.0",
      "npm:chalk@5": "npm:chalk@5.3.0",
      "npm:consola": "npm:consola@3.2.3"
    },
    "npm": {
      "blend-promise-utils@1.29.0": {
        "integrity": "sha512-3jHnIhktLsczp/rKtufR8x/pVkm0EXwE1nt/h+XPPk/xooYGv4ymvGubLw6eaf8bSQMUxTbG5seWwSHAy56sIw==",
        "dependencies": {}
      },
      "chalk@5.3.0": {
        "integrity": "sha512-dLitG79d+GV1Nb/VYcCDFivJeK1hiukt9QjRNVOsUtTy1rR1YJsmpGGTZ3qJos+uw7WmWF4wUwBd9jxjocFC2w==",
        "dependencies": {}
      },
      "consola@3.2.3": {
        "integrity": "sha512-I5qxpzLv+sJhTVEoLYNcTW+bThDCPsit0vLNKShZx6rLtpilNpmmeTPaeqJb9ZE9dV3DGaeby6Vuhrw38WjeyQ==",
        "dependencies": {}
      }
    }
  },
  "remote": {
    "https://deno.land/std@0.182.0/_util/asserts.ts": "178dfc49a464aee693a7e285567b3d0b555dc805ff490505a8aae34f9cfb1462",
    "https://deno.land/std@0.182.0/_util/os.ts": "d932f56d41e4f6a6093d56044e29ce637f8dcc43c5a90af43504a889cf1775e3",
    "https://deno.land/std@0.182.0/bytes/copy.ts": "939d89e302a9761dcf1d9c937c7711174ed74c59eef40a1e4569a05c9de88219",
    "https://deno.land/std@0.182.0/fmt/colors.ts": "d67e3cd9f472535241a8e410d33423980bec45047e343577554d3356e1f0ef4e",
    "https://deno.land/std@0.182.0/fs/_util.ts": "65381f341af1ff7f40198cee15c20f59951ac26e51ddc651c5293e24f9ce6f32",
    "https://deno.land/std@0.182.0/fs/copy.ts": "14214efd94fc3aa6db1e4af2b4b9578e50f7362b7f3725d5a14ad259a5df26c8",
    "https://deno.land/std@0.182.0/fs/empty_dir.ts": "c3d2da4c7352fab1cf144a1ecfef58090769e8af633678e0f3fabaef98594688",
    "https://deno.land/std@0.182.0/fs/ensure_dir.ts": "dc64c4c75c64721d4e3fb681f1382f803ff3d2868f08563ff923fdd20d071c40",
    "https://deno.land/std@0.182.0/fs/ensure_file.ts": "c38602670bfaf259d86ca824a94e6cb9e5eb73757fefa4ebf43a90dd017d53d9",
    "https://deno.land/std@0.182.0/fs/ensure_link.ts": "c0f5b2f0ec094ed52b9128eccb1ee23362a617457aa0f699b145d4883f5b2fb4",
    "https://deno.land/std@0.182.0/fs/ensure_symlink.ts": "5006ab2f458159c56d689b53b1e48d57e05eeb1eaf64e677f7f76a30bc4fdba1",
    "https://deno.land/std@0.182.0/fs/eol.ts": "f1f2eb348a750c34500741987b21d65607f352cf7205f48f4319d417fff42842",
    "https://deno.land/std@0.182.0/fs/exists.ts": "29c26bca8584a22876be7cb8844f1b6c8fc35e9af514576b78f5c6884d7ed02d",
    "https://deno.land/std@0.182.0/fs/expand_glob.ts": "e4f56259a0a70fe23f05215b00de3ac5e6ba46646ab2a06ebbe9b010f81c972a",
    "https://deno.land/std@0.182.0/fs/mod.ts": "bc3d0acd488cc7b42627044caf47d72019846d459279544e1934418955ba4898",
    "https://deno.land/std@0.182.0/fs/move.ts": "4cb47f880e3f0582c55e71c9f8b1e5e8cfaacb5e84f7390781dd563b7298ec19",
    "https://deno.land/std@0.182.0/fs/walk.ts": "920be35a7376db6c0b5b1caf1486fb962925e38c9825f90367f8f26b5e5d0897",
    "https://deno.land/std@0.182.0/io/buf_reader.ts": "abeb92b18426f11d72b112518293a96aef2e6e55f80b84235e8971ac910affb5",
    "https://deno.land/std@0.182.0/io/buffer.ts": "17f4410eaaa60a8a85733e8891349a619eadfbbe42e2f319283ce2b8f29723ab",
    "https://deno.land/std@0.182.0/path/_constants.ts": "e49961f6f4f48039c0dfed3c3f93e963ca3d92791c9d478ac5b43183413136e0",
    "https://deno.land/std@0.182.0/path/_interface.ts": "6471159dfbbc357e03882c2266d21ef9afdb1e4aa771b0545e90db58a0ba314b",
    "https://deno.land/std@0.182.0/path/_util.ts": "d7abb1e0dea065f427b89156e28cdeb32b045870acdf865833ba808a73b576d0",
    "https://deno.land/std@0.182.0/path/common.ts": "ee7505ab01fd22de3963b64e46cff31f40de34f9f8de1fff6a1bd2fe79380000",
    "https://deno.land/std@0.182.0/path/glob.ts": "d479e0a695621c94d3fd7fe7abd4f9499caf32a8de13f25073451c6ef420a4e1",
    "https://deno.land/std@0.182.0/path/mod.ts": "bf718f19a4fdd545aee1b06409ca0805bd1b68ecf876605ce632e932fe54510c",
    "https://deno.land/std@0.182.0/path/posix.ts": "8b7c67ac338714b30c816079303d0285dd24af6b284f7ad63da5b27372a2c94d",
    "https://deno.land/std@0.182.0/path/separator.ts": "0fb679739d0d1d7bf45b68dacfb4ec7563597a902edbaf3c59b50d5bcadd93b1",
    "https://deno.land/std@0.182.0/path/win32.ts": "d186344e5583bcbf8b18af416d13d82b35a317116e6460a5a3953508c3de5bba",
    "https://deno.land/std@0.182.0/streams/read_all.ts": "ee319772fb0fd28302f97343cc48dfcf948f154fd0d755d8efe65814b70533be",
    "https://deno.land/std@0.182.0/streams/reader_from_stream_reader.ts": "fa4971e5615a010e49492c5d1688ca1a4d17472a41e98b498ab89a64ebd7ac73",
    "https://deno.land/std@0.182.0/streams/write_all.ts": "aec90152978581ea62d56bb53a5cbf487e6a89c902f87c5969681ffbdf32b998",
    "https://deno.land/x/dax@0.34.0/mod.ts": "4eec0c35c65f4a8a97152b515db8c03fa243aa5b4ccc41f3754f5381f8a5ac8a",
    "https://deno.land/x/dax@0.34.0/src/command.ts": "8253670617a91c3dc3d6176386815ef1efc52bf612f37e8940f76226a8d7e7b1",
    "https://deno.land/x/dax@0.34.0/src/command_handler.ts": "841cee0ce12b19eea6c7fcaeaa40a9e3ef4bf50c36cf02afbe3ab7b41f8571eb",
    "https://deno.land/x/dax@0.34.0/src/commands/args.ts": "a138aef24294e3cbf13cef08f4836d018e8dd99fd06ad82e7e7f08ef680bbc1d",
    "https://deno.land/x/dax@0.34.0/src/commands/cat.ts": "229dc854f80ea8f1ebd811190fc31e5cf0fe39f76c2de1c27e256cb831237cb0",
    "https://deno.land/x/dax@0.34.0/src/commands/cd.ts": "239fee1606881dbc3f778a761d1d4557c21a63063c15ab58883a32e7466b7177",
    "https://deno.land/x/dax@0.34.0/src/commands/cp_mv.ts": "58205a82a9404e444c7c5caf98b5dd2b350c668c0b421546a038b76ea8b6a53d",
    "https://deno.land/x/dax@0.34.0/src/commands/echo.ts": "247909de5b8ea20218daab419f3aad37b69763052272aca3633fe8e7f83148cd",
    "https://deno.land/x/dax@0.34.0/src/commands/exit.ts": "c619e52d744dfa3e8fa954026f1c5302d8be991c775553efc85a0f224b77b6ff",
    "https://deno.land/x/dax@0.34.0/src/commands/export.ts": "b6ecad1203cfe606d69da6c16736f31acf211e864e6822484d85cea1cb7d5528",
    "https://deno.land/x/dax@0.34.0/src/commands/mkdir.ts": "9381ecdc0e0203d941f89027b6ef2865393bf0a66670bf5f5aaa6a49669244c7",
    "https://deno.land/x/dax@0.34.0/src/commands/printenv.ts": "473c39b457cae91e9ca029ad420642b9a410257fb699674660c886c6ebe72ebc",
    "https://deno.land/x/dax@0.34.0/src/commands/pwd.ts": "5438aea979027bfa5c64c2a7f1073389735ea986f6abe2174ec21bcb70a2156f",
    "https://deno.land/x/dax@0.34.0/src/commands/rm.ts": "d911ff4e2e0b3d3c5d426c7b735313741ad762d9e25a743f101a1b05447eecf8",
    "https://deno.land/x/dax@0.34.0/src/commands/sleep.ts": "d1183fa8e31ba85a7b88666e854c7aa6e53e1d4c65e39f20a05d8ea4b82efca3",
    "https://deno.land/x/dax@0.34.0/src/commands/test.ts": "a221f82c209fd53756e9c02c475b9d5833284513853e90fdaaf0c1e1d9cfbf30",
    "https://deno.land/x/dax@0.34.0/src/commands/touch.ts": "5953dbde8732da47ade9b7554a638ea06a8b67a59842e638fb79f7aebe392650",
    "https://deno.land/x/dax@0.34.0/src/commands/unset.ts": "8d4abb29f53c3de0c10ba6d51e3d55bce745160f7430396ede58156e8f2b747c",
    "https://deno.land/x/dax@0.34.0/src/common.ts": "c0e809c591400dbadb25197f2819c59fec6b897c94c1aba6a026d5d1eee9cb53",
    "https://deno.land/x/dax@0.34.0/src/console/confirm.ts": "d9128d10b77fcc0a8df2784f71c79df68f5c8e00a34b04547b9ba9ddf1c97f96",
    "https://deno.land/x/dax@0.34.0/src/console/logger.ts": "e0ab5025915cef70df03681c756e211f25bb2e4331f82ed4256b17ddd9e794ea",
    "https://deno.land/x/dax@0.34.0/src/console/mod.ts": "29ae1f8250b74a477e26a3b6ccf647badf5d8f8e2a9e6c4aa0d5df9e3bbbb273",
    "https://deno.land/x/dax@0.34.0/src/console/multiSelect.ts": "31003744e58f45f720271bd034d8cfba1055c954ba02d77a2f2eb21e4c1ed55a",
    "https://deno.land/x/dax@0.34.0/src/console/progress/format.ts": "15ddbb8051580f88ed499281e12ca6f881f875ab73268d7451d7113ee130bd7d",
    "https://deno.land/x/dax@0.34.0/src/console/progress/interval.ts": "80188d980a27c2eb07c31324365118af549641442f0752fe7c3b0c91832e5046",
    "https://deno.land/x/dax@0.34.0/src/console/progress/mod.ts": "70080a5d06ab2c58e948225e1e5144458fbc36fbfa61672ac82bb2f6c6991bad",
    "https://deno.land/x/dax@0.34.0/src/console/prompt.ts": "78c645b41a7562133d05a10901ae4d682cb22bfaf0b5a21cc8475ca2a946aee1",
    "https://deno.land/x/dax@0.34.0/src/console/select.ts": "c9d7124d975bf34d52ea1ac88fd610ed39db8ee6505b9bb53f371cef2f56c6ab",
    "https://deno.land/x/dax@0.34.0/src/console/utils.ts": "954c99397dcd2cb3f1ccf50055085f17c9ffb31b25b3c5719776de81e23935f4",
    "https://deno.land/x/dax@0.34.0/src/deps.ts": "91b34d961537fc5707404b5e13c4964a96eab5f15bf1a689f3a9684be136b96a",
    "https://deno.land/x/dax@0.34.0/src/lib/mod.ts": "c992db99c8259ae3bf2d35666585dfefda84cf7cf4e624e42ea2ac7367900fe0",
    "https://deno.land/x/dax@0.34.0/src/lib/rs_lib.generated.js": "381f2f60b458bcb0a6fec1310c2c3b6447339f6995df206b9a4d0c3747ee8c36",
    "https://deno.land/x/dax@0.34.0/src/path.ts": "a4bfb61c9b8cb2cc96eef59cb6f33c9bb53ea880d8cc65986b15656dfe2e4f3b",
    "https://deno.land/x/dax@0.34.0/src/pipes.ts": "3aa984c0d031f4221953e228ba89452a86068a80d2811fddb9c60737cd4ab174",
    "https://deno.land/x/dax@0.34.0/src/request.ts": "5ae93f6cc49a2e143c1cf3cece5564f2bfa4db56a9d8165668ea42ba056efec2",
    "https://deno.land/x/dax@0.34.0/src/result.ts": "0908b69c16b25c3b258f6b2ada12e124686df5f7ea2b98daa27a83973c7b118c",
    "https://deno.land/x/dax@0.34.0/src/shell.ts": "9475a015d5493197f9611b1259c5dd6d27c7c2ab9c3711606cd4b47412568ee1",
    "https://deno.land/x/outdent@v0.8.0/src/index.ts": "6dc3df4108d5d6fedcdb974844d321037ca81eaaa16be6073235ff3268841a22",
    "https://deno.land/x/which@0.3.0/mod.ts": "3e10d07953c14e4ddc809742a3447cef14202cdfe9be6678a1dfc8769c4487e6"
  }
}
